
Microsoft Visual Studio Solution File, Format Version 12.00
# Visual Studio Version 17
VisualStudioVersion = 17.9.34728.123
MinimumVisualStudioVersion = 10.0.40219.1
Project("{FAE04EC0-301F-11D3-BF4B-00C04F79EFBC}") = "TimeTracerCSharp", "TimeTracerCSharp\TimeTracerCSharp.csproj", "{2711EA0B-4C0E-4342-8728-46C42A2BB16C}"
EndProject
Global
	GlobalSection(SolutionConfigurationPlatforms) = preSolution
		Debug|Any CPU = Debug|Any CPU
		Release|Any CPU = Release|Any CPU
	EndGlobalSection
	GlobalSection(ProjectConfigurationPlatforms) = postSolution
		{2711EA0B-4C0E-4342-8728-46C42A2BB16C}.Debug|Any CPU.ActiveCfg = Debug|Any CPU
		{2711EA0B-4C0E-4342-8728-46C42A2BB16C}.Debug|Any CPU.Build.0 = Debug|Any CPU
		{2711EA0B-4C0E-4342-8728-46C42A2BB16C}.Release|Any CPU.ActiveCfg = Release|Any CPU
		{2711EA0B-4C0E-4342-8728-46C42A2BB16C}.Release|Any CPU.Build.0 = Release|Any CPU
	EndGlobalSection
	GlobalSection(SolutionProperties) = preSolution
		HideSolutionNode = FALSE
	EndGlobalSection
	GlobalSection(ExtensibilityGlobals) = postSolution
		SolutionGuid = {A2CE4861-8236-4A5F-B88D-E4F5A46AF826}
	EndGlobalSection
EndGlobal
